
Microsoft Visual Studio Solution File, Format Version 12.00
# Visual Studio Version 17
VisualStudioVersion = 17.6.33723.286
MinimumVisualStudioVersion = 10.0.40219.1
Project("{FAE04EC0-301F-11D3-BF4B-00C04F79EFBC}") = "BMWShop", "BMWShop.csproj", "{DCC2E5FA-9B4A-4D86-8CEC-04D533A23A70}"
EndProject
Global
	GlobalSection(SolutionConfigurationPlatforms) = preSolution
		Debug|Any CPU = Debug|Any CPU
		Release|Any CPU = Release|Any CPU
	EndGlobalSection
	GlobalSection(ProjectConfigurationPlatforms) = postSolution
		{DCC2E5FA-9B4A-4D86-8CEC-04D533A23A70}.Debug|Any CPU.ActiveCfg = Debug|Any CPU
		{DCC2E5FA-9B4A-4D86-8CEC-04D533A23A70}.Debug|Any CPU.Build.0 = Debug|Any CPU
		{DCC2E5FA-9B4A-4D86-8CEC-04D533A23A70}.Release|Any CPU.ActiveCfg = Release|Any CPU
		{DCC2E5FA-9B4A-4D86-8CEC-04D533A23A70}.Release|Any CPU.Build.0 = Release|Any CPU
	EndGlobalSection
	GlobalSection(SolutionProperties) = preSolution
		HideSolutionNode = FALSE
	EndGlobalSection
	GlobalSection(ExtensibilityGlobals) = postSolution
		SolutionGuid = {1F577D5C-AA23-4D3C-9A27-D54CF508275D}
	EndGlobalSection
EndGlobal
